<?xml version="1.0" encoding="utf-8"?>
<Project ToolsVersion="4.0" xmlns="http://schemas.microsoft.com/developer/msbuild/2003">
  <ItemGroup>
    <ClCompile Include="src\cartridge.cpp">
      <Filter>Source</Filter>
    </ClCompile>
    <ClCompile Include="src\cpu.cpp">
      <Filter>Source</Filter>
    </ClCompile>
    <ClCompile Include="src\knaves.cpp">
      <Filter>Source</Filter>
    </ClCompile>
    <ClCompile Include="src\main.cpp">
      <Filter>Source</Filter>
    </ClCompile>
    <ClCompile Include="src\memory.cpp">
      <Filter>Source</Filter>
    </ClCompile>
    <ClCompile Include="src\ppu.cpp">
      <Filter>Source</Filter>
    </ClCompile>
    <ClCompile Include="src\renderer.cpp">
      <Filter>Source</Filter>
    </ClCompile>
  </ItemGroup>
  <ItemGroup>
    <ClInclude Include="include\ppu.h">
      <Filter>Headers</Filter>
    </ClInclude>
    <ClInclude Include="include\cartridge.h">
      <Filter>Headers</Filter>
    </ClInclude>
    <ClInclude Include="include\cpu.h">
      <Filter>Headers</Filter>
    </ClInclude>
    <ClInclude Include="include\instruction.h">
      <Filter>Headers</Filter>
    </ClInclude>
    <ClInclude Include="include\instructions.h">
      <Filter>Headers</Filter>
    </ClInclude>
    <ClInclude Include="include\knaves.h">
      <Filter>Headers</Filter>
    </ClInclude>
    <ClInclude Include="include\main.h">
      <Filter>Headers</Filter>
    </ClInclude>
    <ClInclude Include="include\memory.h">
      <Filter>Headers</Filter>
    </ClInclude>
    <ClInclude Include="include\renderer.h">
      <Filter>Headers</Filter>
    </ClInclude>
  </ItemGroup>
  <ItemGroup>
    <None Include="mario.nes" />
  </ItemGroup>
  <ItemGroup>
    <Filter Include="Headers">
      <UniqueIdentifier>{f41b86c3-abda-4789-b786-27cc5fd0a8a1}</UniqueIdentifier>
    </Filter>
    <Filter Include="Source">
      <UniqueIdentifier>{b0014e08-caf0-4565-b6d8-3b65edd8a60c}</UniqueIdentifier>
    </Filter>
  </ItemGroup>
</Project>